{
    "_readme": [
        "This file locks the dependencies of your project to a known state",
        "Read more about it at https://getcomposer.org/doc/01-basic-usage.md#installing-dependencies",
        "This file is @generated automatically"
    ],
    "content-hash": "2f2603a145b312b340e5376cea628f8d",
    "packages": [
        {
            "name": "silassare/otpl",
            "version": "1.1.9",
            "source": {
                "type": "git",
                "url": "https://github.com/silassare/otpl-php.git",
                "reference": "34e46bd59264f6e253a4594a25bd30a244d47050"
            },
            "dist": {
                "type": "zip",
                "url": "https://api.github.com/repos/silassare/otpl-php/zipball/34e46bd59264f6e253a4594a25bd30a244d47050",
                "reference": "34e46bd59264f6e253a4594a25bd30a244d47050",
                "shasum": ""
            },
            "require": {
                "php": ">=5.6.0"
            },
            "type": "library",
            "autoload": {
                "psr-4": {
                    "OTpl\\": "src"
                }
            },
            "notification-url": "https://packagist.org/downloads/",
            "license": [
                "MIT"
            ],
            "authors": [
                {
                    "name": "Emile Silas Sare",
                    "email": "emile.silas@gmail.com",
                    "homepage": "https://github.com/silassare"
                }
            ],
            "description": "A simple template system write once run everywhere!",
            "homepage": "https://github.com/silassare/otpl-php#readme",
            "keywords": [
                "otemplate",
                "otpl",
                "template"
            ],
            "support": {
                "issues": "https://github.com/silassare/otpl-php/issues",
                "source": "https://github.com/silassare/otpl-php/tree/v1.1.9"
            },
            "time": "2019-04-09T02:05:44+00:00"
        }
    ],
    "packages-dev": [],
    "aliases": [],
    "minimum-stability": "dev",
    "stability-flags": [],
    "prefer-stable": true,
    "prefer-lowest": false,
    "platform": {
        "php": ">=5.6.0",
        "ext-pdo": "*",
        "ext-json": "*",
        "ext-bcmath": "*"
    },
    "platform-dev": [],
    "plugin-api-version": "2.0.0"
}
